
Microsoft Visual Studio Solution File, Format Version 12.00
# Visual Studio Version 17
VisualStudioVersion = 17.8.34004.107
MinimumVisualStudioVersion = 10.0.40219.1
Project("{9A19103F-16F7-4668-BE54-9A1E7A4F7556}") = "ParseAmazonMusic", "ParseAmazonMusic.csproj", "{312A5CD1-504C-4C3B-84C2-EEB876B69480}"
EndProject
Global
	GlobalSection(SolutionConfigurationPlatforms) = preSolution
		Debug|Any CPU = Debug|Any CPU
		Release|Any CPU = Release|Any CPU
	EndGlobalSection
	GlobalSection(ProjectConfigurationPlatforms) = postSolution
		{312A5CD1-504C-4C3B-84C2-EEB876B69480}.Debug|Any CPU.ActiveCfg = Release|Any CPU
		{312A5CD1-504C-4C3B-84C2-EEB876B69480}.Debug|Any CPU.Build.0 = Release|Any CPU
		{312A5CD1-504C-4C3B-84C2-EEB876B69480}.Release|Any CPU.ActiveCfg = Release|Any CPU
		{312A5CD1-504C-4C3B-84C2-EEB876B69480}.Release|Any CPU.Build.0 = Release|Any CPU
	EndGlobalSection
	GlobalSection(SolutionProperties) = preSolution
		HideSolutionNode = FALSE
	EndGlobalSection
	GlobalSection(ExtensibilityGlobals) = postSolution
		SolutionGuid = {EE5F8078-4A23-4DF3-93CF-B68D47218878}
	EndGlobalSection
EndGlobal
